{
  "name": "bsv-tools-starter",
  "version": "0.1.0",
  "lockfileVersion": 3,
  "requires": true,
  "packages": {
    "": {
      "name": "bsv-tools-starter",
      "version": "0.1.0",
      "dependencies": {
        "@bsv/sdk": "2.1.4"
      },
      "engines": {
        "node": ">=18"
      }
    },
    "node_modules/@bsv/sdk": {
      "version": "2.1.4",
      "resolved": "https://registry.npmjs.org/@bsv/sdk/-/sdk-2.1.4.tgz",
      "integrity": "sha512-FrX5knwUZXPJHVaE9usoevwWqLItiWCFIr2jD20W3Ke6I+IHbDyivMF8MKtrWSeOxeanFx9v8YLeN6/qzAtlzQ==",
      "license": "SEE LICENSE IN LICENSE.txt"
    }
  }
}
